PODS:
  - essential_sdk_dart (0.1.0):
    - FlutterMacOS
  - FlutterMacOS (1.0.0)

DEPENDENCIES:
  - essential_sdk_dart (from `Flutter/ephemeral/.symlinks/plugins/essential_sdk_dart/macos`)
  - FlutterMacOS (from `Flutter/ephemeral`)

EXTERNAL SOURCES:
  essential_sdk_dart:
    :path: Flutter/ephemeral/.symlinks/plugins/essential_sdk_dart/macos
  FlutterMacOS:
    :path: Flutter/ephemeral

SPEC CHECKSUMS:
  essential_sdk_dart: 01bb2912aa9aff9d3eb7f7f8690760f88c898d69
  FlutterMacOS: d0db08ddef1a9af05a5ec4b724367152bb0500b1

PODFILE CHECKSUM: 54d867c82ac51cbd61b565781b9fada492027009

COCOAPODS: 1.16.2
